PODS:
  - Flutter (1.0.0)
  - flutter_forbidshot (0.0.1):
    - Flutter
  - FMDB (2.7.5):
    - FMDB/standard (= 2.7.5)
  - FMDB/standard (2.7.5)
  - image_picker (0.0.1):
    - Flutter
  - path_provider (0.0.1):
    - Flutter
  - screen (0.0.1):
    - Flutter
  - sqflite (0.0.2):
    - Flutter
    - FMDB (>= 2.7.5)

DEPENDENCIES:
  - Flutter (from `Flutter`)
  - flutter_forbidshot (from `.symlinks/plugins/flutter_forbidshot/ios`)
  - image_picker (from `.symlinks/plugins/image_picker/ios`)
  - path_provider (from `.symlinks/plugins/path_provider/ios`)
  - screen (from `.symlinks/plugins/screen/ios`)
  - sqflite (from `.symlinks/plugins/sqflite/ios`)

SPEC REPOS:
  trunk:
    - FMDB

EXTERNAL SOURCES:
  Flutter:
    :path: Flutter
  flutter_forbidshot:
    :path: ".symlinks/plugins/flutter_forbidshot/ios"
  image_picker:
    :path: ".symlinks/plugins/image_picker/ios"
  path_provider:
    :path: ".symlinks/plugins/path_provider/ios"
  screen:
    :path: ".symlinks/plugins/screen/ios"
  sqflite:
    :path: ".symlinks/plugins/sqflite/ios"

SPEC CHECKSUMS:
  Flutter: 434fef37c0980e73bb6479ef766c45957d4b510c
  flutter_forbidshot: feac5273065c5b7b6b57a9c6ec4936e3be473523
  FMDB: 2ce00b547f966261cd18927a3ddb07cb6f3db82a
  image_picker: e06f7a68f000bd36f552c1847e33cda96ed31f1f
  path_provider: abfe2b5c733d04e238b0d8691db0cfd63a27a93c
  screen: abd91ca7bf3426e1cc3646d27e9b2358d6bf07b0
  sqflite: 6d358c025f5b867b29ed92fc697fd34924e11904

PODFILE CHECKSUM: aafe91acc616949ddb318b77800a7f51bffa2a4c

COCOAPODS: 1.10.1
